
Microsoft Visual Studio Solution File, Format Version 12.00
# Visual Studio Version 17
VisualStudioVersion = 17.7.34031.279
MinimumVisualStudioVersion = 10.0.40219.1
Project("{FAE04EC0-301F-11D3-BF4B-00C04F79EFBC}") = "ConvertToJson", "ConvertToJson.csproj", "{1D1608FE-019E-4710-B3D5-BAB7803E233E}"
EndProject
Global
	GlobalSection(SolutionConfigurationPlatforms) = preSolution
		Debug|Any CPU = Debug|Any CPU
		Release|Any CPU = Release|Any CPU
	EndGlobalSection
	GlobalSection(ProjectConfigurationPlatforms) = postSolution
		{1D1608FE-019E-4710-B3D5-BAB7803E233E}.Debug|Any CPU.ActiveCfg = Debug|Any CPU
		{1D1608FE-019E-4710-B3D5-BAB7803E233E}.Debug|Any CPU.Build.0 = Debug|Any CPU
		{1D1608FE-019E-4710-B3D5-BAB7803E233E}.Release|Any CPU.ActiveCfg = Release|Any CPU
		{1D1608FE-019E-4710-B3D5-BAB7803E233E}.Release|Any CPU.Build.0 = Release|Any CPU
	EndGlobalSection
	GlobalSection(SolutionProperties) = preSolution
		HideSolutionNode = FALSE
	EndGlobalSection
	GlobalSection(ExtensibilityGlobals) = postSolution
		SolutionGuid = {A73D8EF4-E17E-4ABB-9C68-1A1246E994A6}
	EndGlobalSection
EndGlobal
